dependencies:
- name: n8n
  repository: file://../_n8n
  version: 0.1.0
- name: pgo
  repository: file://../_pgo
  version: 0.1.0
- name: postgresql
  repository: https://charts.bitnami.com/bitnami
  version: 18.2.0
- name: redis
  repository: https://charts.bitnami.com/bitnami
  version: 24.1.0
digest: sha256:1f2e1ede5180e6c742fc3f464a6308bcb7e4bbdf35fcb554f1b2a5a84cffbff3
generated: "2026-01-25T21:30:36.838244466-08:00"
