dependencies:
- name: n8n
  repository: file://../_n8n
  version: 0.1.0
- name: pgo
  repository: file://../_pgo
  version: 0.1.0
- name: postgresql
  repository: https://charts.bitnami.com/bitnami
  version: 18.5.24
- name: redis
  repository: https://charts.bitnami.com/bitnami
  version: 25.3.11
- name: sdg-mock-app
  repository: file://../_sdg-mock-app
  version: 0.1.0
digest: sha256:1549189b03cc932eeae0fbcaee876ed4300486c192cc182a2e2c350a0a3f77de
generated: "2026-04-28T09:12:28.720198824Z"
