dependencies:
- name: n8n
  repository: file://../_n8n
  version: 0.1.0
- name: pgo
  repository: file://../_pgo
  version: 0.1.0
- name: postgresql
  repository: https://charts.bitnami.com/bitnami
  version: 18.5.15
- name: redis
  repository: https://charts.bitnami.com/bitnami
  version: 25.3.9
digest: sha256:bb989323bdbfb95e22aa29943fb27712f7ec5af8660f6302c594e7f17e6ee634
generated: "2026-04-10T16:20:35.805141422Z"
